{
    "_readme": [
        "This file locks the dependencies of your project to a known state",
        "Read more about it at https://getcomposer.org/doc/01-basic-usage.md#installing-dependencies",
        "This file is @generated automatically"
    ],
    "content-hash": "5268c369c2b08196997a588b0dbf0fa3",
    "packages": [],
    "packages-dev": [
        {
            "name": "editorconfig-checker/editorconfig-checker",
            "version": "10.4.0",
            "source": {
                "type": "git",
                "url": "https://github.com/editorconfig-checker/editorconfig-checker.php.git",
                "reference": "f81b62b934064c665cb412f828efff20a59b2eda"
            },
            "dist": {
                "type": "zip",
                "url": "https://api.github.com/repos/editorconfig-checker/editorconfig-checker.php/zipball/f81b62b934064c665cb412f828efff20a59b2eda",
                "reference": "f81b62b934064c665cb412f828efff20a59b2eda",
                "shasum": ""
            },
            "require": {
                "php": "^7.2 || ^8.0"
            },
            "require-dev": {
                "php-coveralls/php-coveralls": "^2.1",
                "phpstan/phpstan": "^1.4",
                "phpunit/phpunit": "^8.5.23",
                "squizlabs/php_codesniffer": "^3.6"
            },
            "bin": [
                "bin/editorconfig-checker",
                "bin/ec"
            ],
            "type": "library",
            "autoload": {
                "psr-4": {
                    "EditorconfigChecker\\": "src/EditorconfigChecker"
                }
            },
            "notification-url": "https://packagist.org/downloads/",
            "license": [
                "MIT"
            ],
            "authors": [
                {
                    "name": "Max Strübing",
                    "email": "mxstrbng@gmail.com",
                    "homepage": "https://github.com/mstruebing",
                    "role": "Maintainer"
                }
            ],
            "description": "A tool to verify that your files follow the rules of your .editorconfig",
            "support": {
                "issues": "https://github.com/editorconfig-checker/editorconfig-checker.php/issues",
                "source": "https://github.com/editorconfig-checker/editorconfig-checker.php"
            },
            "time": "2023-05-26T06:20:54+00:00"
        }
    ],
    "aliases": [],
    "minimum-stability": "stable",
    "stability-flags": [],
    "prefer-stable": true,
    "prefer-lowest": false,
    "platform": [],
    "platform-dev": [],
    "plugin-api-version": "2.6.0"
}
