{
    "_readme": [
        "This file locks the dependencies of your project to a known state",
        "Read more about it at https://getcomposer.org/doc/01-basic-usage.md#installing-dependencies",
        "This file is @generated automatically"
    ],
    "content-hash": "2fbbda9a435c10ac1d81e209b2051b82",
    "packages": [],
    "packages-dev": [],
    "aliases": [],
    "minimum-stability": "stable",
    "stability-flags": [],
    "prefer-stable": true,
    "prefer-lowest": false,
    "platform": {
        "php": "^8.1",
        "ext-ctype": "*",
        "ext-iconv": "*",
        "ext-pcre": "*",
        "ext-session": "*",
        "ext-simplexml": "*",
        "ext-tokenizer": "*"
    },
    "platform-dev": [],
    "plugin-api-version": "2.3.0"
}
